{
    "_meta": {
        "hash": {
            "sha256": "1fea69b92757cb91ba101d32d66bab5331197775cb24dd5843762cd64790cb02"
        },
        "pipfile-spec": 6,
        "requires": {
            "python_version": "3.6"
        },
        "sources": [
            {
                "name": "pypi",
                "url": "https://pypi.python.org/simple",
                "verify_ssl": true
            }
        ]
    },
    "default": {
        "amqp": {
            "hashes": [
                "sha256:70cdb10628468ff14e57ec2f751c7aa9e48e7e3651cfd62d431213c0c4e58f21",
                "sha256:aa7f313fb887c91f15474c1229907a04dac0b8135822d6603437803424c0aa59"
            ],
            "markers": "python_version >= '2.7' and python_version not in '3.0, 3.1, 3.2, 3.3, 3.4'",
            "version": "==2.6.1"
        },
        "billiard": {
            "hashes": [
                "sha256:42d9a227401ac4fba892918bba0a0c409def5435c4b483267ebfe821afaaba0e"
            ],
            "version": "==3.5.0.5"
        },
        "celery": {
            "hashes": [
                "sha256:6fc4678d1692af97e137b2a9f1c04efd8e7e2fb7134c5c5ad60738cdd927762f",
                "sha256:d1f2a3359bdbdfb344edce98b8e891f5fe64f8a11c5a45538ec20ac237c971f5"
            ],
            "index": "pypi",
            "version": "==4.1.1"
        },
        "certifi": {
            "hashes": [
                "sha256:78884e7c1d4b00ce3cea67b44566851c4343c120abd683433ce934a68ea58872",
                "sha256:d62a0163eb4c2344ac042ab2bdf75399a71a2d8c7d47eac2e2ee91b9d6339569"
            ],
            "version": "==2021.10.8"
        },
        "charset-normalizer": {
            "hashes": [
                "sha256:876d180e9d7432c5d1dfd4c5d26b72f099d503e8fcc0feb7532c9289be60fcbd",
                "sha256:cb957888737fc0bbcd78e3df769addb41fd1ff8cf950dc9e7ad7793f1bf44455"
            ],
            "markers": "python_version >= '3'",
            "version": "==2.0.10"
        },
        "defusedxml": {
            "hashes": [
                "sha256:1bb3032db185915b62d7c6209c5a8792be6a32ab2fedacc84e01b52c51aa3e69",
                "sha256:a352e7e428770286cc899e2542b6cdaedb2b4953ff269a210103ec58f6198a61"
            ],
            "markers": "python_version >= '2.7' and python_version not in '3.0, 3.1, 3.2, 3.3, 3.4'",
            "version": "==0.7.1"
        },
        "django": {
            "hashes": [
                "sha256:85e62019366692f1d5afed946ca32fef34c8693edf342ac9d067d75d64faf0ac",
                "sha256:dfa537267d52c6243a62b32855a744ca83c37c70600aacffbfd98bc5d6d8518f"
            ],
            "index": "pypi",
            "version": "==2.2.26"
        },
        "django-allauth": {
            "hashes": [
                "sha256:f17209410b7f87da0a84639fd79d3771b596a6d3fc1a8e48ce50dabc7f441d30"
            ],
            "index": "pypi",
            "version": "==0.42.0"
        },
        "django-appconf": {
            "hashes": [
                "sha256:ae9f864ee1958c815a965ed63b3fba4874eec13de10236ba063a788f9a17389d",
                "sha256:be3db0be6c81fa84742000b89a81c016d70ae66a7ccb620cdef592b1f1a6aaa4"
            ],
            "markers": "python_version >= '3.6'",
            "version": "==1.0.5"
        },
        "django-axes": {
            "hashes": [
                "sha256:6a1fa03b7a35783d00dd1f665931553d6f98ecaaf31b012ff0765de4b410486b",
                "sha256:7c03b95cff99cd0cc69e0617df7888c5ffdf36daeb9772e83ca851062e5af599"
            ],
            "index": "pypi",
            "version": "==5.3.5"
        },
        "django-braces": {
            "hashes": [
                "sha256:5898ab2ce4ca7c85b21aedf789b96e90c59dc75d26db6d9a4dc0cff3fc7a7aca",
                "sha256:6be8277a535565e2140f7b1eb83ec26aa8d181acc8bb046875142a2792e4babe"
            ],
            "index": "pypi",
            "version": "==1.11.0"
        },
        "django-dotenv": {
            "hashes": [
                "sha256:2930f6b0c0955ac150e1ca9ac01e84afa71efdbb544dea7155f026e20e401305",
                "sha256:f9e24f89a21f2b1ee010e903f9df5102b0c6c9174e629b07ca2f1a243bb68a3d"
            ],
            "index": "pypi",
            "version": "==1.4.1"
        },
        "django-ipware": {
            "hashes": [
                "sha256:a7c7a8fd019dbdc9c357e6e582f65034e897572fc79a7e467674efa8aef9d00b"
            ],
            "version": "==2.1.0"
        },
        "django-timezone-field": {
            "hashes": [
                "sha256:8d368d15f19d39c887cb59606a4e5897b7366c7552cae3b1da421bc939696968"
            ],
            "index": "pypi",
            "version": "==2.0"
        },
        "gnupg": {
            "hashes": [
                "sha256:8db5a05c369dbc231dab4c98515ce828f2dffdc14f1534441a6c59b71c6d2031",
                "sha256:be656a2f693dbac4362537c1b6cfd03131ac5ce7a4b2bb21bff7e3145f94f7ea",
                "sha256:d2e16c486aaeecbb65633f8493ccab025e2487c0e1dc59a83c520b6f81dff9b8"
            ],
            "index": "pypi",
            "version": "==2.3.1"
        },
        "gunicorn": {
            "hashes": [
                "sha256:75af03c99389535f218cc596c7de74df4763803f7b63eb09d77e92b3956b36c6",
                "sha256:eee1169f0ca667be05db3351a0960765620dad53f53434262ff8901b68a1b622"
            ],
            "index": "pypi",
            "version": "==19.7.1"
        },
        "idna": {
            "hashes": [
                "sha256:84d9dd047ffa80596e0f246e2eab0b391788b0503584e8945f2368256d2735ff",
                "sha256:9d643ff0a55b762d5cdb124b8eaa99c66322e2157b69160bc32796e824360e6d"
            ],
            "markers": "python_version >= '3'",
            "version": "==3.3"
        },
        "importlib-metadata": {
            "hashes": [
                "sha256:65a9576a5b2d58ca44d133c42a241905cc45e34d2c06fd5ba2bafa221e5d7b5e",
                "sha256:766abffff765960fcc18003801f7044eb6755ffae4521c8e8ce8e83b9c9b0668"
            ],
            "markers": "python_version < '3.8'",
            "version": "==4.8.3"
        },
        "kombu": {
            "hashes": [
                "sha256:be48cdffb54a2194d93ad6533d73f69408486483d189fe9f5990ee24255b0e0a",
                "sha256:ca1b45faac8c0b18493d02a8571792f3c40291cf2bcf1f55afed3d8f3aa7ba74"
            ],
            "markers": "python_version >= '2.7' and python_version not in '3.0, 3.1, 3.2, 3.3, 3.4'",
            "version": "==4.6.11"
        },
        "oauthlib": {
            "hashes": [
                "sha256:42bf6354c2ed8c6acb54d971fce6f88193d97297e18602a3a886603f9d7730cc",
                "sha256:8f0215fcc533dd8dd1bee6f4c412d4f0cd7297307d43ac61666389e3bc3198a3"
            ],
            "markers": "python_version >= '3.6'",
            "version": "==3.1.1"
        },
        "psutil": {
            "hashes": [
                "sha256:072664401ae6e7c1bfb878c65d7282d4b4391f1bc9a56d5e03b5a490403271b5",
                "sha256:1070a9b287846a21a5d572d6dddd369517510b68710fca56b0e9e02fd24bed9a",
                "sha256:1d7b433519b9a38192dfda962dd8f44446668c009833e1429a52424624f408b4",
                "sha256:3151a58f0fbd8942ba94f7c31c7e6b310d2989f4da74fcbf28b934374e9bf841",
                "sha256:32acf55cb9a8cbfb29167cd005951df81b567099295291bcfd1027365b36591d",
                "sha256:3611e87eea393f779a35b192b46a164b1d01167c9d323dda9b1e527ea69d697d",
                "sha256:3d00a664e31921009a84367266b35ba0aac04a2a6cad09c550a89041034d19a0",
                "sha256:4e2fb92e3aeae3ec3b7b66c528981fd327fb93fd906a77215200404444ec1845",
                "sha256:539e429da49c5d27d5a58e3563886057f8fc3868a5547b4f1876d9c0f007bccf",
                "sha256:55ce319452e3d139e25d6c3f85a1acf12d1607ddedea5e35fb47a552c051161b",
                "sha256:58c7d923dc209225600aec73aa2c4ae8ea33b1ab31bc11ef8a5933b027476f07",
                "sha256:7336292a13a80eb93c21f36bde4328aa748a04b68c13d01dfddd67fc13fd0618",
                "sha256:742c34fff804f34f62659279ed5c5b723bb0195e9d7bd9907591de9f8f6558e2",
                "sha256:7641300de73e4909e5d148e90cc3142fb890079e1525a840cf0dfd39195239fd",
                "sha256:76cebf84aac1d6da5b63df11fe0d377b46b7b500d892284068bacccf12f20666",
                "sha256:7779be4025c540d1d65a2de3f30caeacc49ae7a2152108adeaf42c7534a115ce",
                "sha256:7d190ee2eaef7831163f254dc58f6d2e2a22e27382b936aab51c835fc080c3d3",
                "sha256:8293942e4ce0c5689821f65ce6522ce4786d02af57f13c0195b40e1edb1db61d",
                "sha256:869842dbd66bb80c3217158e629d6fceaecc3a3166d3d1faee515b05dd26ca25",
                "sha256:90a58b9fcae2dbfe4ba852b57bd4a1dded6b990a33d6428c7614b7d48eccb492",
                "sha256:9b51917c1af3fa35a3f2dabd7ba96a2a4f19df3dec911da73875e1edaf22a40b",
                "sha256:b2237f35c4bbae932ee98902a08050a27821f8f6dfa880a47195e5993af4702d",
                "sha256:c3400cae15bdb449d518545cbd5b649117de54e3596ded84aacabfbb3297ead2",
                "sha256:c51f1af02334e4b516ec221ee26b8fdf105032418ca5a5ab9737e8c87dafe203",
                "sha256:cb8d10461c1ceee0c25a64f2dd54872b70b89c26419e147a05a10b753ad36ec2",
                "sha256:d62a2796e08dd024b8179bd441cb714e0f81226c352c802fca0fd3f89eeacd94",
                "sha256:df2c8bd48fb83a8408c8390b143c6a6fa10cb1a674ca664954de193fdcab36a9",
                "sha256:e5c783d0b1ad6ca8a5d3e7b680468c9c926b804be83a3a8e95141b05c39c9f64",
                "sha256:e9805fed4f2a81de98ae5fe38b75a74c6e6ad2df8a5c479594c7629a1fe35f56",
                "sha256:ea42d747c5f71b5ccaa6897b216a7dadb9f52c72a0fe2b872ef7d3e1eacf3ba3",
                "sha256:ef216cc9feb60634bda2f341a9559ac594e2eeaadd0ba187a4c2eb5b5d40b91c",
                "sha256:ff0d41f8b3e9ebb6b6110057e40019a432e96aae2008951121ba4e56040b84f3"
            ],
            "markers": "python_version >= '2.6' and python_version not in '3.0, 3.1, 3.2, 3.3'",
            "version": "==5.9.0"
        },
        "psycopg2": {
            "hashes": [
                "sha256:009e0bc09a57dbef4b601cb8b46a2abad51f5274c8be4bba276ff2884cd4cc53",
                "sha256:0344b181e1aea37a58c218ccb0f0f771295de9aa25a625ed076e6996c6530f9e",
                "sha256:0cd4c848f0e9d805d531e44973c8f48962e20eb7fc0edac3db4f9dbf9ed5ab82",
                "sha256:1286dd16d0e46d59fa54582725986704a7a3f3d9aca6c5902a7eceb10c60cb7e",
                "sha256:1cf5d84290c771eeecb734abe2c6c3120e9837eb12f99474141a862b9061ac51",
                "sha256:207ba4f9125a0a4200691e82d5eee7ea1485708eabe99a07fc7f08696fae62f4",
                "sha256:25250867a4cd1510fb755ef9cb38da3065def999d8e92c44e49a39b9b76bc893",
                "sha256:2954557393cfc9a5c11a5199c7a78cd9c0c793a047552d27b1636da50d013916",
                "sha256:317612d5d0ca4a9f7e42afb2add69b10be360784d21ce4ecfbca19f1f5eadf43",
                "sha256:37f54452c7787dbdc0a634ca9773362b91709917f0b365ed14b831f03cbd34ba",
                "sha256:40fa5630cd7d237cd93c4d4b64b9e5ed9273d1cfce55241c7f9066f5db70629d",
                "sha256:57baf63aeb2965ca4b52613ce78e968b6d2bde700c97f6a7e8c6c236b51ab83e",
                "sha256:594aa9a095de16614f703d759e10c018bdffeafce2921b8e80a0e8a0ebbc12e5",
                "sha256:5c3213be557d0468f9df8fe2487eaf2990d9799202c5ff5cb8d394d09fad9b2a",
                "sha256:697ff63bc5451e0b0db48ad205151123d25683b3754198be7ab5fcb44334e519",
                "sha256:6c2f1a76a9ebd9ecf7825b9e20860139ca502c2bf1beabf6accf6c9e66a7e0c3",
                "sha256:7a75565181e75ba0b9fb174b58172bf6ea9b4331631cfe7bafff03f3641f5d73",
                "sha256:7a9c6c62e6e05df5406e9b5235c31c376a22620ef26715a663cee57083b3c2ea",
                "sha256:7c31dade89634807196a6b20ced831fbd5bec8a21c4e458ea950c9102c3aa96f",
                "sha256:82c40ea3ac1555e0462803380609fbe8b26f52620f3d4f8eb480cfd8ceed8a14",
                "sha256:8f5942a4daf1ffac42109dc4a72f786af4baa4fa702ede1d7c57b4b696c2e7d6",
                "sha256:92179bd68c2efe72924a99b6745a9172471931fc296f9bfdf9645b75eebd6344",
                "sha256:94e4128ba1ea56f02522fffac65520091a9de3f5c00da31539e085e13db4771b",
                "sha256:988d2ec7560d42ef0ac34b3b97aad14c4f068792f00e1524fa1d3749fe4e4b64",
                "sha256:9d6266348b15b4a48623bf4d3e50445d8e581da413644f365805b321703d0fac",
                "sha256:9d64fed2681552ed642e9c0cc831a9e95ab91de72b47d0cb68b5bf506ba88647",
                "sha256:b9358e203168fef7bfe9f430afaed3a2a624717a1d19c7afa7dfcbd76e3cd95c",
                "sha256:bf708455cd1e9fa96c05126e89a0c59b200d086c7df7bbafc7d9be769e4149a3",
                "sha256:d3ac07240e2304181ffdb13c099840b5eb555efc7be9344503c0c03aa681de79",
                "sha256:ddca39cc55877653b5fcf59976d073e3d58c7c406ef54ae8e61ddf8782867182",
                "sha256:fc993c9331d91766d54757bbc70231e29d5ceb2d1ac08b1570feaa0c38ab9582"
            ],
            "index": "pypi",
            "version": "==2.7.3.2"
        },
        "python3-openid": {
            "hashes": [
                "sha256:33fbf6928f401e0b790151ed2b5290b02545e8775f982485205a066f874aaeaf",
                "sha256:6626f771e0417486701e0b4daff762e7212e820ca5b29fcc0d05f6f8736dfa6b"
            ],
            "version": "==3.2.0"
        },
        "pytz": {
            "hashes": [
                "sha256:3672058bc3453457b622aab7a1c3bfd5ab0bdae451512f6cf25f64ed37f5b87c",
                "sha256:acad2d8b20a1af07d4e4c9d2e9285c5ed9104354062f275f3fcd88dcef4f1326"
            ],
            "version": "==2021.3"
        },
        "raven": {
            "hashes": [
                "sha256:2c9cd4d8c267f57db625305aaa89e7dd852d6864c13c7b84f4d4500df07bebd9",
                "sha256:b8edbb3335ed6c23cb168ced37fb523c1b91d9f3b0eddb90934249977841a902"
            ],
            "index": "pypi",
            "version": "==6.4.0"
        },
        "redis": {
            "hashes": [
                "sha256:724932360d48e5407e8f82e405ab3650a36ed02c7e460d1e6fddf0f038422b54",
                "sha256:9b19425a38fd074eb5795ff2b0d9a55b46a44f91f5347995f27e3ad257a7d775"
            ],
            "index": "pypi",
            "version": "==3.2.0"
        },
        "requests": {
            "hashes": [
                "sha256:68d7c56fd5a8999887728ef304a6d12edc7be74f1cfa47714fc8b414525c9a61",
                "sha256:f22fa1e554c9ddfd16e6e41ac79759e17be9e492b3587efa038054674760e72d"
            ],
            "markers": "python_version >= '2.7' and python_version not in '3.0, 3.1, 3.2, 3.3, 3.4, 3.5'",
            "version": "==2.27.1"
        },
        "requests-oauthlib": {
            "hashes": [
                "sha256:7f71572defaecd16372f9006f33c2ec8c077c3cfa6f5911a9a90202beb513f3d",
                "sha256:b4261601a71fd721a8bd6d7aa1cc1d6a8a93b4a9f5e96626f8e4d91e8beeaa6a",
                "sha256:fa6c47b933f01060936d87ae9327fead68768b69c6c9ea2109c48be30f2d4dbc"
            ],
            "version": "==1.3.0"
        },
        "sqlparse": {
            "hashes": [
                "sha256:0c00730c74263a94e5a9919ade150dfc3b19c574389985446148402998287dae",
                "sha256:48719e356bb8b42991bdbb1e8b83223757b93789c00910a616a071910ca4a64d"
            ],
            "markers": "python_version >= '3.5'",
            "version": "==0.4.2"
        },
        "typing-extensions": {
            "hashes": [
                "sha256:4ca091dea149f945ec56afb48dae714f21e8692ef22a395223bcd328961b6a0e",
                "sha256:7f001e5ac290a0c0401508864c7ec868be4e701886d5b573a9528ed3973d9d3b"
            ],
            "markers": "python_version < '3.8'",
            "version": "==4.0.1"
        },
        "urllib3": {
            "hashes": [
                "sha256:000ca7f471a233c2251c6c7023ee85305721bfdf18621ebff4fd17a8653427ed",
                "sha256:0e7c33d9a63e7ddfcb86780aac87befc2fbddf46c58dbb487e0855f7ceec283c"
            ],
            "markers": "python_version >= '2.7' and python_version not in '3.0, 3.1, 3.2, 3.3, 3.4' and python_version < '4'",
            "version": "==1.26.8"
        },
        "vine": {
            "hashes": [
                "sha256:133ee6d7a9016f177ddeaf191c1f58421a1dcc6ee9a42c58b34bed40e1d2cd87",
                "sha256:ea4947cc56d1fd6f2095c8d543ee25dad966f78692528e68b4fada11ba3f98af"
            ],
            "markers": "python_version >= '2.7' and python_version not in '3.0, 3.1, 3.2, 3.3'",
            "version": "==1.3.0"
        },
        "whitenoise": {
            "hashes": [
                "sha256:22f79cf8f1f509639330f93886acaece8ec5ac5e9600c3b981d33c34e8a42dfd",
                "sha256:6dfea214b7c12efd689007abf9afa87a426586e9dbc051873ad2c8e535e2a1ac"
            ],
            "index": "pypi",
            "version": "==4.1.4"
        },
        "zipp": {
            "hashes": [
                "sha256:71c644c5369f4a6e07636f0aa966270449561fcea2e3d6747b8d23efaa9d7832",
                "sha256:9fe5ea21568a0a70e50f273397638d39b03353731e6cbbb3fd8502a33fec40bc"
            ],
            "markers": "python_version >= '3.6'",
            "version": "==3.6.0"
        }
    },
    "develop": {
        "asgiref": {
            "hashes": [
                "sha256:4ef1ab46b484e3c706329cedeff284a5d40824200638503f5768edb6de7d58e9",
                "sha256:ffc141aa908e6f175673e7b1b3b7af4fdb0ecb738fc5c8b88f69f055c2415214"
            ],
            "markers": "python_version >= '3.6'",
            "version": "==3.4.1"
        },
        "django": {
            "hashes": [
                "sha256:85e62019366692f1d5afed946ca32fef34c8693edf342ac9d067d75d64faf0ac",
                "sha256:dfa537267d52c6243a62b32855a744ca83c37c70600aacffbfd98bc5d6d8518f"
            ],
            "index": "pypi",
            "version": "==2.2.26"
        },
        "django-debug-toolbar": {
            "hashes": [
                "sha256:10f5ef59c97fad34b803b02e5850b6422082e2e44544c2ec03feb4eeee0f9158",
                "sha256:2d240517dac3b02b7d78c9109ee88546f99171a2ec2a3efa70450771cb55735e"
            ],
            "index": "pypi",
            "version": "==1.11.1"
        },
        "django-extensions": {
            "hashes": [
                "sha256:7cd002495ff0a0e5eb6cdd6be759600905b4e4079232ea27618fc46bdd853651",
                "sha256:c7f88625a53f631745d4f2bef9ec4dcb999ed59476393bdbbe99db8596778846"
            ],
            "index": "pypi",
            "version": "==3.1.0"
        },
        "pytz": {
            "hashes": [
                "sha256:3672058bc3453457b622aab7a1c3bfd5ab0bdae451512f6cf25f64ed37f5b87c",
                "sha256:acad2d8b20a1af07d4e4c9d2e9285c5ed9104354062f275f3fcd88dcef4f1326"
            ],
            "version": "==2021.3"
        },
        "sqlparse": {
            "hashes": [
                "sha256:0c00730c74263a94e5a9919ade150dfc3b19c574389985446148402998287dae",
                "sha256:48719e356bb8b42991bdbb1e8b83223757b93789c00910a616a071910ca4a64d"
            ],
            "markers": "python_version >= '3.5'",
            "version": "==0.4.2"
        },
        "typing-extensions": {
            "hashes": [
                "sha256:4ca091dea149f945ec56afb48dae714f21e8692ef22a395223bcd328961b6a0e",
                "sha256:7f001e5ac290a0c0401508864c7ec868be4e701886d5b573a9528ed3973d9d3b"
            ],
            "markers": "python_version < '3.8'",
            "version": "==4.0.1"
        }
    }
}
